
Microsoft Visual Studio Solution File, Format Version 12.00
# Visual Studio 15
VisualStudioVersion = 15.0.28307.902
MinimumVisualStudioVersion = 10.0.40219.1
Project("{8BC9CEB8-8B4A-11D0-8D11-00A0C91BC942}") = "helper", "helper\helper.vcxproj", "{C4D66C49-9BF8-4984-B777-6A0AAC146B58}"
EndProject
Project("{8BC9CEB8-8B4A-11D0-8D11-00A0C91BC942}") = "server", "server\server.vcxproj", "{76100193-C2B3-45AC-8D8F-122EC7015DBE}"
EndProject
Project("{8BC9CEB8-8B4A-11D0-8D11-00A0C91BC942}") = "xauth", "xauth\xauth.vcxproj", "{DB1A9ED0-8DB0-455E-82A6-6C4989694742}"
EndProject
Global
	GlobalSection(SolutionConfigurationPlatforms) = preSolution
		Debug|x64 = Debug|x64
		Debug|x86 = Debug|x86
		Release|x64 = Release|x64
		Release|x86 = Release|x86
	EndGlobalSection
	GlobalSection(ProjectConfigurationPlatforms) = postSolution
		{C4D66C49-9BF8-4984-B777-6A0AAC146B58}.Debug|x64.ActiveCfg = Debug|x64
		{C4D66C49-9BF8-4984-B777-6A0AAC146B58}.Debug|x64.Build.0 = Debug|x64
		{C4D66C49-9BF8-4984-B777-6A0AAC146B58}.Debug|x86.ActiveCfg = Debug|Win32
		{C4D66C49-9BF8-4984-B777-6A0AAC146B58}.Debug|x86.Build.0 = Debug|Win32
		{C4D66C49-9BF8-4984-B777-6A0AAC146B58}.Release|x64.ActiveCfg = Release|x64
		{C4D66C49-9BF8-4984-B777-6A0AAC146B58}.Release|x64.Build.0 = Release|x64
		{C4D66C49-9BF8-4984-B777-6A0AAC146B58}.Release|x86.ActiveCfg = Release|Win32
		{C4D66C49-9BF8-4984-B777-6A0AAC146B58}.Release|x86.Build.0 = Release|Win32
		{76100193-C2B3-45AC-8D8F-122EC7015DBE}.Debug|x64.ActiveCfg = Debug|x64
		{76100193-C2B3-45AC-8D8F-122EC7015DBE}.Debug|x64.Build.0 = Debug|x64
		{76100193-C2B3-45AC-8D8F-122EC7015DBE}.Debug|x86.ActiveCfg = Debug|Win32
		{76100193-C2B3-45AC-8D8F-122EC7015DBE}.Debug|x86.Build.0 = Debug|Win32
		{76100193-C2B3-45AC-8D8F-122EC7015DBE}.Release|x64.ActiveCfg = Release|x64
		{76100193-C2B3-45AC-8D8F-122EC7015DBE}.Release|x64.Build.0 = Release|x64
		{76100193-C2B3-45AC-8D8F-122EC7015DBE}.Release|x86.ActiveCfg = Release|Win32
		{76100193-C2B3-45AC-8D8F-122EC7015DBE}.Release|x86.Build.0 = Release|Win32
		{DB1A9ED0-8DB0-455E-82A6-6C4989694742}.Debug|x64.ActiveCfg = Debug|x64
		{DB1A9ED0-8DB0-455E-82A6-6C4989694742}.Debug|x64.Build.0 = Debug|x64
		{DB1A9ED0-8DB0-455E-82A6-6C4989694742}.Debug|x86.ActiveCfg = Debug|Win32
		{DB1A9ED0-8DB0-455E-82A6-6C4989694742}.Debug|x86.Build.0 = Debug|Win32
		{DB1A9ED0-8DB0-455E-82A6-6C4989694742}.Release|x64.ActiveCfg = Release|x64
		{DB1A9ED0-8DB0-455E-82A6-6C4989694742}.Release|x64.Build.0 = Release|x64
		{DB1A9ED0-8DB0-455E-82A6-6C4989694742}.Release|x86.ActiveCfg = Release|Win32
		{DB1A9ED0-8DB0-455E-82A6-6C4989694742}.Release|x86.Build.0 = Release|Win32
	EndGlobalSection
	GlobalSection(SolutionProperties) = preSolution
		HideSolutionNode = FALSE
	EndGlobalSection
	GlobalSection(ExtensibilityGlobals) = postSolution
		SolutionGuid = {95BB0904-F5F0-47AD-A4F9-856C937C5602}
	EndGlobalSection
EndGlobal
