<?xml version="1.0" encoding="utf-8"?>
<Project ToolsVersion="4.0" xmlns="http://schemas.microsoft.com/developer/msbuild/2003">
  <ItemGroup>
    <Filter Include="源文件">
      <UniqueIdentifier>{4FC737F1-C7A5-4376-A066-2A32D752A2FF}</UniqueIdentifier>
      <Extensions>cpp;c;cc;cxx;def;odl;idl;hpj;bat;asm;asmx</Extensions>
    </Filter>
    <Filter Include="头文件">
      <UniqueIdentifier>{93995380-89BD-4b04-88EB-625FBE52EBFB}</UniqueIdentifier>
      <Extensions>h;hh;hpp;hxx;hm;inl;inc;ipp;xsd</Extensions>
    </Filter>
    <Filter Include="资源文件">
      <UniqueIdentifier>{67DA6AB6-F800-4c08-8B7A-83BB121AAD01}</UniqueIdentifier>
      <Extensions>rc;ico;cur;bmp;dlg;rc2;rct;bin;rgs;gif;jpg;jpeg;jpe;resx;tiff;tif;png;wav;mfcribbon-ms</Extensions>
    </Filter>
    <Filter Include="wxwork">
      <UniqueIdentifier>{40cd3041-7253-496c-a50d-ad40e8affeb3}</UniqueIdentifier>
    </Filter>
    <Filter Include="tinyxml2">
      <UniqueIdentifier>{d4224940-8126-4949-8f67-477b46802c00}</UniqueIdentifier>
    </Filter>
    <Filter Include="db">
      <UniqueIdentifier>{8336e633-650f-4e93-891d-87e67b9345e7}</UniqueIdentifier>
    </Filter>
    <Filter Include="redis">
      <UniqueIdentifier>{03c71088-889b-4bc6-9641-3e371c39fd19}</UniqueIdentifier>
    </Filter>
  </ItemGroup>
  <ItemGroup>
    <ClCompile Include="main.cpp">
      <Filter>源文件</Filter>
    </ClCompile>
    <ClCompile Include="xauth.cpp">
      <Filter>源文件</Filter>
    </ClCompile>
    <ClCompile Include="route_new_token.cpp">
      <Filter>源文件</Filter>
    </ClCompile>
    <ClCompile Include="xerror.cpp">
      <Filter>源文件</Filter>
    </ClCompile>
    <ClCompile Include="route_wxwork_message.cpp">
      <Filter>源文件</Filter>
    </ClCompile>
    <ClCompile Include="wxwork\WXBizMsgCrypt.cpp">
      <Filter>wxwork</Filter>
    </ClCompile>
    <ClCompile Include="tinyxml2\tinyxml2.cpp">
      <Filter>tinyxml2</Filter>
    </ClCompile>
    <ClCompile Include="access_token.cpp">
      <Filter>源文件</Filter>
    </ClCompile>
    <ClCompile Include="corp_info.cpp">
      <Filter>源文件</Filter>
    </ClCompile>
    <ClCompile Include="app_info.cpp">
      <Filter>源文件</Filter>
    </ClCompile>
    <ClCompile Include="wx_work_api.cpp">
      <Filter>源文件</Filter>
    </ClCompile>
    <ClCompile Include="wx_user_info.cpp">
      <Filter>源文件</Filter>
    </ClCompile>
    <ClCompile Include="db\xdb.cpp">
      <Filter>db</Filter>
    </ClCompile>
    <ClCompile Include="db\xdb_postgresql.cpp">
      <Filter>db</Filter>
    </ClCompile>
    <ClCompile Include="db\connection_pool.cpp">
      <Filter>db</Filter>
    </ClCompile>
    <ClCompile Include="db\wrapper.cpp">
      <Filter>db</Filter>
    </ClCompile>
    <ClCompile Include="global.cpp">
      <Filter>源文件</Filter>
    </ClCompile>
    <ClCompile Include="redis\redis_client.cpp">
      <Filter>redis</Filter>
    </ClCompile>
    <ClCompile Include="route_notify.cpp">
      <Filter>源文件</Filter>
    </ClCompile>
    <ClCompile Include="xml_reader.cpp">
      <Filter>源文件</Filter>
    </ClCompile>
    <ClCompile Include="route_contact_notify.cpp">
      <Filter>源文件</Filter>
    </ClCompile>
    <ClCompile Include="route_callback.cpp">
      <Filter>源文件</Filter>
    </ClCompile>
    <ClCompile Include="route_api.cpp">
      <Filter>源文件</Filter>
    </ClCompile>
    <ClCompile Include="route_wxwork_access_token.cpp">
      <Filter>源文件</Filter>
    </ClCompile>
  </ItemGroup>
  <ItemGroup>
    <ClInclude Include="xauth.h">
      <Filter>头文件</Filter>
    </ClInclude>
    <ClInclude Include="route_new_token.h">
      <Filter>头文件</Filter>
    </ClInclude>
    <ClInclude Include="xerror.h">
      <Filter>头文件</Filter>
    </ClInclude>
    <ClInclude Include="xerror_list.h">
      <Filter>头文件</Filter>
    </ClInclude>
    <ClInclude Include="route_wxwork_message.h">
      <Filter>头文件</Filter>
    </ClInclude>
    <ClInclude Include="wxwork\WXBizMsgCrypt.h">
      <Filter>wxwork</Filter>
    </ClInclude>
    <ClInclude Include="tinyxml2\tinyxml2.h">
      <Filter>tinyxml2</Filter>
    </ClInclude>
    <ClInclude Include="access_token.h">
      <Filter>头文件</Filter>
    </ClInclude>
    <ClInclude Include="corp_info.h">
      <Filter>头文件</Filter>
    </ClInclude>
    <ClInclude Include="app_info.h">
      <Filter>头文件</Filter>
    </ClInclude>
    <ClInclude Include="wx_work_api.h">
      <Filter>头文件</Filter>
    </ClInclude>
    <ClInclude Include="wx_user_info.h">
      <Filter>头文件</Filter>
    </ClInclude>
    <ClInclude Include="db\record.h">
      <Filter>db</Filter>
    </ClInclude>
    <ClInclude Include="db\xdb.h">
      <Filter>db</Filter>
    </ClInclude>
    <ClInclude Include="db\xdb_postgresql.h">
      <Filter>db</Filter>
    </ClInclude>
    <ClInclude Include="db\connection_pool.h">
      <Filter>db</Filter>
    </ClInclude>
    <ClInclude Include="db\wrapper.h">
      <Filter>db</Filter>
    </ClInclude>
    <ClInclude Include="global.h">
      <Filter>头文件</Filter>
    </ClInclude>
    <ClInclude Include="redis\redis_client.h">
      <Filter>redis</Filter>
    </ClInclude>
    <ClInclude Include="route_notify.h">
      <Filter>头文件</Filter>
    </ClInclude>
    <ClInclude Include="handler_dispatch.h">
      <Filter>头文件</Filter>
    </ClInclude>
    <ClInclude Include="xml_reader.h">
      <Filter>头文件</Filter>
    </ClInclude>
    <ClInclude Include="route_contact_notify.h">
      <Filter>头文件</Filter>
    </ClInclude>
    <ClInclude Include="route_callback.h">
      <Filter>头文件</Filter>
    </ClInclude>
    <ClInclude Include="route_api.h">
      <Filter>头文件</Filter>
    </ClInclude>
    <ClInclude Include="route_wxwork_access_token.h">
      <Filter>头文件</Filter>
    </ClInclude>
  </ItemGroup>
</Project>